// !$*UTF8*$!
{
	archiveVersion = 1;
	classes = {
	};
	objectVersion = 55;
	objects = {

/* Begin PBXBuildFile section */
		68099FFA273D1E480032D78D /* main.cpp in Sources */ = {isa = PBXBuildFile; fileRef = 68099FF9273D1E480032D78D /* main.cpp */; };
		68724E9127A14E7400D64AF1 /* test_reflection_ts.cpp in Sources */ = {isa = PBXBuildFile; fileRef = 68724E8F27A14E7400D64AF1 /* test_reflection_ts.cpp */; };
		688FEE1427AE385D00DF4F21 /* console_manager.cpp in Sources */ = {isa = PBXBuildFile; fileRef = 688FEE1227AE385D00DF4F21 /* console_manager.cpp */; };
		688FEE1727AE3CC300DF4F21 /* console_code.cpp in Sources */ = {isa = PBXBuildFile; fileRef = 688FEE1627AE3CC300DF4F21 /* console_code.cpp */; };
		68E2920827B0FD34006AAF70 /* console_instruction.cpp in Sources */ = {isa = PBXBuildFile; fileRef = 68E2920627B0FD34006AAF70 /* console_instruction.cpp */; };
		68E292E527B2590200258887 /* console_object.cpp in Sources */ = {isa = PBXBuildFile; fileRef = 68E292E327B2590200258887 /* console_object.cpp */; };
/* End PBXBuildFile section */

/* Begin PBXCopyFilesBuildPhase section */
		68099FF4273D1E480032D78D /* CopyFiles */ = {
			isa = PBXCopyFilesBuildPhase;
			buildActionMask = 2147483647;
			dstPath = /usr/share/man/man1/;
			dstSubfolderSpec = 0;
			files = (
			);
			runOnlyForDeploymentPostprocessing = 1;
		};
/* End PBXCopyFilesBuildPhase section */

/* Begin PBXFileReference section */
		68099FF6273D1E480032D78D /* meta */ = {isa = PBXFileReference; explicitFileType = "compiled.mach-o.executable"; includeInIndex = 0; path = meta; sourceTree = BUILT_PRODUCTS_DIR; };
		68099FF9273D1E480032D78D /* main.cpp */ = {isa = PBXFileReference; lastKnownFileType = sourcecode.cpp.cpp; path = main.cpp; sourceTree = "<group>"; };
		6809A002273D1E880032D78D /* arg_position.hpp */ = {isa = PBXFileReference; lastKnownFileType = sourcecode.cpp.h; path = arg_position.hpp; sourceTree = "<group>"; };
		6809A004273E1B930032D78D /* arg_log.hpp */ = {isa = PBXFileReference; lastKnownFileType = sourcecode.cpp.h; path = arg_log.hpp; sourceTree = "<group>"; };
		6809A008273E48AB0032D78D /* string_utility.hpp */ = {isa = PBXFileReference; lastKnownFileType = sourcecode.cpp.h; path = string_utility.hpp; sourceTree = "<group>"; };
		6817A552273EAEE10001DF76 /* boost_json_helper.hpp */ = {isa = PBXFileReference; lastKnownFileType = sourcecode.cpp.h; path = boost_json_helper.hpp; sourceTree = "<group>"; };
		6817A55A273EBA5F0001DF76 /* jni_helper.hpp */ = {isa = PBXFileReference; lastKnownFileType = sourcecode.cpp.h; path = jni_helper.hpp; sourceTree = "<group>"; };
		6824DE0627A594FE00FFCD88 /* test.hpp */ = {isa = PBXFileReference; lastKnownFileType = sourcecode.cpp.h; path = test.hpp; sourceTree = "<group>"; };
		6824DE0927A599C000FFCD88 /* MyObject.hpp */ = {isa = PBXFileReference; lastKnownFileType = sourcecode.cpp.h; path = MyObject.hpp; sourceTree = "<group>"; };
		6854C9ED274234AA000A8C0E /* arg_variation.hpp */ = {isa = PBXFileReference; lastKnownFileType = sourcecode.cpp.h; path = arg_variation.hpp; sourceTree = "<group>"; };
		68724E8F27A14E7400D64AF1 /* test_reflection_ts.cpp */ = {isa = PBXFileReference; lastKnownFileType = sourcecode.cpp.cpp; path = test_reflection_ts.cpp; sourceTree = "<group>"; };
		68724EBE27A6396300D64AF1 /* console_manager.hpp */ = {isa = PBXFileReference; lastKnownFileType = sourcecode.cpp.h; path = console_manager.hpp; sourceTree = "<group>"; };
		68724EC127A63D2700D64AF1 /* console_code.hpp */ = {isa = PBXFileReference; lastKnownFileType = sourcecode.cpp.h; path = console_code.hpp; sourceTree = "<group>"; };
		687E13C6273FCBB400262D04 /* arg_is.hpp */ = {isa = PBXFileReference; lastKnownFileType = sourcecode.cpp.h; path = arg_is.hpp; sourceTree = "<group>"; };
		688D8FCA274B7EB8006AD92F /* class_utility.hpp */ = {isa = PBXFileReference; lastKnownFileType = sourcecode.cpp.h; path = class_utility.hpp; sourceTree = "<group>"; };
		688D8FCD274B811F006AD92F /* utility.hpp */ = {isa = PBXFileReference; lastKnownFileType = sourcecode.cpp.h; path = utility.hpp; sourceTree = "<group>"; };
		688FEE0D27AE365100DF4F21 /* console.hpp */ = {isa = PBXFileReference; lastKnownFileType = sourcecode.cpp.h; path = console.hpp; sourceTree = "<group>"; };
		688FEE0E27AE366F00DF4F21 /* console_object.hpp */ = {isa = PBXFileReference; lastKnownFileType = sourcecode.cpp.h; path = console_object.hpp; sourceTree = "<group>"; };
		688FEE1227AE385D00DF4F21 /* console_manager.cpp */ = {isa = PBXFileReference; lastKnownFileType = sourcecode.cpp.cpp; path = console_manager.cpp; sourceTree = "<group>"; };
		688FEE1527AE397800DF4F21 /* console_instruction.hpp */ = {isa = PBXFileReference; lastKnownFileType = sourcecode.cpp.h; path = console_instruction.hpp; sourceTree = "<group>"; };
		688FEE1627AE3CC300DF4F21 /* console_code.cpp */ = {isa = PBXFileReference; fileEncoding = 4; lastKnownFileType = sourcecode.cpp.cpp; path = console_code.cpp; sourceTree = "<group>"; };
		68B2E0552744A78A00384069 /* jni.h */ = {isa = PBXFileReference; lastKnownFileType = sourcecode.c.h; path = jni.h; sourceTree = "<group>"; };
		68B2E0562744A82200384069 /* jni_md.h */ = {isa = PBXFileReference; lastKnownFileType = sourcecode.c.h; path = jni_md.h; sourceTree = "<group>"; };
		68E2920627B0FD34006AAF70 /* console_instruction.cpp */ = {isa = PBXFileReference; lastKnownFileType = sourcecode.cpp.cpp; path = console_instruction.cpp; sourceTree = "<group>"; };
		68E292E327B2590200258887 /* console_object.cpp */ = {isa = PBXFileReference; lastKnownFileType = sourcecode.cpp.cpp; path = console_object.cpp; sourceTree = "<group>"; };
		68E8257E274228880005E2E5 /* arg.hpp */ = {isa = PBXFileReference; lastKnownFileType = sourcecode.cpp.h; path = arg.hpp; sourceTree = "<group>"; };
		68FC62C7279698D200A8E102 /* README.md */ = {isa = PBXFileReference; lastKnownFileType = net.daringfireball.markdown; path = README.md; sourceTree = "<group>"; };
/* End PBXFileReference section */

/* Begin PBXFrameworksBuildPhase section */
		68099FF3273D1E480032D78D /* Frameworks */ = {
			isa = PBXFrameworksBuildPhase;
			buildActionMask = 2147483647;
			files = (
			);
			runOnlyForDeploymentPostprocessing = 0;
		};
/* End PBXFrameworksBuildPhase section */

/* Begin PBXGroup section */
		68099FED273D1E480032D78D = {
			isa = PBXGroup;
			children = (
				68099FF8273D1E480032D78D /* meta */,
				68099FF7273D1E480032D78D /* Products */,
				6817A555273EB5F50001DF76 /* Frameworks */,
			);
			sourceTree = "<group>";
		};
		68099FF7273D1E480032D78D /* Products */ = {
			isa = PBXGroup;
			children = (
				68099FF6273D1E480032D78D /* meta */,
			);
			name = Products;
			sourceTree = "<group>";
		};
		68099FF8273D1E480032D78D /* meta */ = {
			isa = PBXGroup;
			children = (
				68DC0AD9279AA9B400D0130F /* console */,
				6817A558273EBA4A0001DF76 /* java */,
				6809A00B273E920D0032D78D /* 3rd_helper */,
				6809A007273E48740032D78D /* utilities */,
				6809A000273D1E5C0032D78D /* template */,
				6824DE0927A599C000FFCD88 /* MyObject.hpp */,
				68099FF9273D1E480032D78D /* main.cpp */,
				68724E9227A14E9900D64AF1 /* test */,
			);
			path = meta;
			sourceTree = "<group>";
		};
		6809A000273D1E5C0032D78D /* template */ = {
			isa = PBXGroup;
			children = (
				68E8257E274228880005E2E5 /* arg.hpp */,
				687E13C6273FCBB400262D04 /* arg_is.hpp */,
				6809A004273E1B930032D78D /* arg_log.hpp */,
				6854C9ED274234AA000A8C0E /* arg_variation.hpp */,
				6809A002273D1E880032D78D /* arg_position.hpp */,
			);
			path = template;
			sourceTree = "<group>";
		};
		6809A007273E48740032D78D /* utilities */ = {
			isa = PBXGroup;
			children = (
				688D8FCD274B811F006AD92F /* utility.hpp */,
				688D8FCA274B7EB8006AD92F /* class_utility.hpp */,
				6809A008273E48AB0032D78D /* string_utility.hpp */,
			);
			path = utilities;
			sourceTree = "<group>";
		};
		6809A00B273E920D0032D78D /* 3rd_helper */ = {
			isa = PBXGroup;
			children = (
				6817A552273EAEE10001DF76 /* boost_json_helper.hpp */,
			);
			path = 3rd_helper;
			sourceTree = "<group>";
		};
		6817A555273EB5F50001DF76 /* Frameworks */ = {
			isa = PBXGroup;
			children = (
			);
			name = Frameworks;
			sourceTree = "<group>";
		};
		6817A558273EBA4A0001DF76 /* java */ = {
			isa = PBXGroup;
			children = (
				68B2E0562744A82200384069 /* jni_md.h */,
				68B2E0552744A78A00384069 /* jni.h */,
				6817A55A273EBA5F0001DF76 /* jni_helper.hpp */,
				68FC62C7279698D200A8E102 /* README.md */,
			);
			path = java;
			sourceTree = "<group>";
		};
		68724E9227A14E9900D64AF1 /* test */ = {
			isa = PBXGroup;
			children = (
				68724E8F27A14E7400D64AF1 /* test_reflection_ts.cpp */,
				6824DE0627A594FE00FFCD88 /* test.hpp */,
			);
			path = test;
			sourceTree = "<group>";
		};
		68DC0AD9279AA9B400D0130F /* console */ = {
			isa = PBXGroup;
			children = (
				688FEE0D27AE365100DF4F21 /* console.hpp */,
				68724EC127A63D2700D64AF1 /* console_code.hpp */,
				688FEE1627AE3CC300DF4F21 /* console_code.cpp */,
				688FEE1527AE397800DF4F21 /* console_instruction.hpp */,
				68E2920627B0FD34006AAF70 /* console_instruction.cpp */,
				688FEE0E27AE366F00DF4F21 /* console_object.hpp */,
				68E292E327B2590200258887 /* console_object.cpp */,
				68724EBE27A6396300D64AF1 /* console_manager.hpp */,
				688FEE1227AE385D00DF4F21 /* console_manager.cpp */,
			);
			path = console;
			sourceTree = "<group>";
		};
/* End PBXGroup section */

/* Begin PBXNativeTarget section */
		68099FF5273D1E480032D78D /* meta */ = {
			isa = PBXNativeTarget;
			buildConfigurationList = 68099FFD273D1E480032D78D /* Build configuration list for PBXNativeTarget "meta" */;
			buildPhases = (
				68099FF2273D1E480032D78D /* Sources */,
				68099FF3273D1E480032D78D /* Frameworks */,
				68099FF4273D1E480032D78D /* CopyFiles */,
			);
			buildRules = (
			);
			dependencies = (
			);
			name = meta;
			productName = meta;
			productReference = 68099FF6273D1E480032D78D /* meta */;
			productType = "com.apple.product-type.tool";
		};
/* End PBXNativeTarget section */

/* Begin PBXProject section */
		68099FEE273D1E480032D78D /* Project object */ = {
			isa = PBXProject;
			attributes = {
				BuildIndependentTargetsInParallel = 1;
				LastUpgradeCheck = 1310;
				TargetAttributes = {
					68099FF5273D1E480032D78D = {
						CreatedOnToolsVersion = 13.1;
					};
				};
			};
			buildConfigurationList = 68099FF1273D1E480032D78D /* Build configuration list for PBXProject "meta" */;
			compatibilityVersion = "Xcode 13.0";
			developmentRegion = en;
			hasScannedForEncodings = 0;
			knownRegions = (
				en,
				Base,
			);
			mainGroup = 68099FED273D1E480032D78D;
			productRefGroup = 68099FF7273D1E480032D78D /* Products */;
			projectDirPath = "";
			projectRoot = "";
			targets = (
				68099FF5273D1E480032D78D /* meta */,
			);
		};
/* End PBXProject section */

/* Begin PBXSourcesBuildPhase section */
		68099FF2273D1E480032D78D /* Sources */ = {
			isa = PBXSourcesBuildPhase;
			buildActionMask = 2147483647;
			files = (
				688FEE1427AE385D00DF4F21 /* console_manager.cpp in Sources */,
				68E292E527B2590200258887 /* console_object.cpp in Sources */,
				68099FFA273D1E480032D78D /* main.cpp in Sources */,
				688FEE1727AE3CC300DF4F21 /* console_code.cpp in Sources */,
				68E2920827B0FD34006AAF70 /* console_instruction.cpp in Sources */,
				68724E9127A14E7400D64AF1 /* test_reflection_ts.cpp in Sources */,
			);
			runOnlyForDeploymentPostprocessing = 0;
		};
/* End PBXSourcesBuildPhase section */

/* Begin XCBuildConfiguration section */
		68099FFB273D1E480032D78D /* Debug */ = {
			isa = XCBuildConfiguration;
			buildSettings = {
				ALWAYS_SEARCH_USER_PATHS = NO;
				CLANG_ANALYZER_NONNULL = YES;
				CLANG_ANALYZER_NUMBER_OBJECT_CONVERSION = YES_AGGRESSIVE;
				CLANG_CXX_LANGUAGE_STANDARD = "gnu++17";
				CLANG_CXX_LIBRARY = "libc++";
				CLANG_ENABLE_MODULES = YES;
				CLANG_ENABLE_OBJC_ARC = YES;
				CLANG_ENABLE_OBJC_WEAK = YES;
				CLANG_WARN_BLOCK_CAPTURE_AUTORELEASING = YES;
				CLANG_WARN_BOOL_CONVERSION = YES;
				CLANG_WARN_COMMA = YES;
				CLANG_WARN_CONSTANT_CONVERSION = YES;
				CLANG_WARN_DEPRECATED_OBJC_IMPLEMENTATIONS = YES;
				CLANG_WARN_DIRECT_OBJC_ISA_USAGE = YES_ERROR;
				CLANG_WARN_DOCUMENTATION_COMMENTS = YES;
				CLANG_WARN_EMPTY_BODY = YES;
				CLANG_WARN_ENUM_CONVERSION = YES;
				CLANG_WARN_INFINITE_RECURSION = YES;
				CLANG_WARN_INT_CONVERSION = YES;
				CLANG_WARN_NON_LITERAL_NULL_CONVERSION = YES;
				CLANG_WARN_OBJC_IMPLICIT_RETAIN_SELF = YES;
				CLANG_WARN_OBJC_LITERAL_CONVERSION = YES;
				CLANG_WARN_OBJC_ROOT_CLASS = YES_ERROR;
				CLANG_WARN_QUOTED_INCLUDE_IN_FRAMEWORK_HEADER = YES;
				CLANG_WARN_RANGE_LOOP_ANALYSIS = YES;
				CLANG_WARN_STRICT_PROTOTYPES = YES;
				CLANG_WARN_SUSPICIOUS_MOVE = YES;
				CLANG_WARN_UNGUARDED_AVAILABILITY = YES_AGGRESSIVE;
				CLANG_WARN_UNREACHABLE_CODE = YES;
				CLANG_WARN__DUPLICATE_METHOD_MATCH = YES;
				COPY_PHASE_STRIP = NO;
				DEBUG_INFORMATION_FORMAT = dwarf;
				ENABLE_STRICT_OBJC_MSGSEND = YES;
				ENABLE_TESTABILITY = YES;
				GCC_C_LANGUAGE_STANDARD = gnu11;
				GCC_DYNAMIC_NO_PIC = NO;
				GCC_NO_COMMON_BLOCKS = YES;
				GCC_OPTIMIZATION_LEVEL = 0;
				GCC_PREPROCESSOR_DEFINITIONS = (
					"DEBUG=1",
					"$(inherited)",
				);
				GCC_WARN_64_TO_32_BIT_CONVERSION = YES;
				GCC_WARN_ABOUT_RETURN_TYPE = YES_ERROR;
				GCC_WARN_UNDECLARED_SELECTOR = YES;
				GCC_WARN_UNINITIALIZED_AUTOS = YES_AGGRESSIVE;
				GCC_WARN_UNUSED_FUNCTION = YES;
				GCC_WARN_UNUSED_VARIABLE = YES;
				MACOSX_DEPLOYMENT_TARGET = 11.6;
				MTL_ENABLE_DEBUG_INFO = INCLUDE_SOURCE;
				MTL_FAST_MATH = YES;
				ONLY_ACTIVE_ARCH = YES;
				SDKROOT = macosx;
			};
			name = Debug;
		};
		68099FFC273D1E480032D78D /* Release */ = {
			isa = XCBuildConfiguration;
			buildSettings = {
				ALWAYS_SEARCH_USER_PATHS = NO;
				CLANG_ANALYZER_NONNULL = YES;
				CLANG_ANALYZER_NUMBER_OBJECT_CONVERSION = YES_AGGRESSIVE;
				CLANG_CXX_LANGUAGE_STANDARD = "gnu++17";
				CLANG_CXX_LIBRARY = "libc++";
				CLANG_ENABLE_MODULES = YES;
				CLANG_ENABLE_OBJC_ARC = YES;
				CLANG_ENABLE_OBJC_WEAK = YES;
				CLANG_WARN_BLOCK_CAPTURE_AUTORELEASING = YES;
				CLANG_WARN_BOOL_CONVERSION = YES;
				CLANG_WARN_COMMA = YES;
				CLANG_WARN_CONSTANT_CONVERSION = YES;
				CLANG_WARN_DEPRECATED_OBJC_IMPLEMENTATIONS = YES;
				CLANG_WARN_DIRECT_OBJC_ISA_USAGE = YES_ERROR;
				CLANG_WARN_DOCUMENTATION_COMMENTS = YES;
				CLANG_WARN_EMPTY_BODY = YES;
				CLANG_WARN_ENUM_CONVERSION = YES;
				CLANG_WARN_INFINITE_RECURSION = YES;
				CLANG_WARN_INT_CONVERSION = YES;
				CLANG_WARN_NON_LITERAL_NULL_CONVERSION = YES;
				CLANG_WARN_OBJC_IMPLICIT_RETAIN_SELF = YES;
				CLANG_WARN_OBJC_LITERAL_CONVERSION = YES;
				CLANG_WARN_OBJC_ROOT_CLASS = YES_ERROR;
				CLANG_WARN_QUOTED_INCLUDE_IN_FRAMEWORK_HEADER = YES;
				CLANG_WARN_RANGE_LOOP_ANALYSIS = YES;
				CLANG_WARN_STRICT_PROTOTYPES = YES;
				CLANG_WARN_SUSPICIOUS_MOVE = YES;
				CLANG_WARN_UNGUARDED_AVAILABILITY = YES_AGGRESSIVE;
				CLANG_WARN_UNREACHABLE_CODE = YES;
				CLANG_WARN__DUPLICATE_METHOD_MATCH = YES;
				COPY_PHASE_STRIP = NO;
				DEBUG_INFORMATION_FORMAT = "dwarf-with-dsym";
				ENABLE_NS_ASSERTIONS = NO;
				ENABLE_STRICT_OBJC_MSGSEND = YES;
				GCC_C_LANGUAGE_STANDARD = gnu11;
				GCC_NO_COMMON_BLOCKS = YES;
				GCC_WARN_64_TO_32_BIT_CONVERSION = YES;
				GCC_WARN_ABOUT_RETURN_TYPE = YES_ERROR;
				GCC_WARN_UNDECLARED_SELECTOR = YES;
				GCC_WARN_UNINITIALIZED_AUTOS = YES_AGGRESSIVE;
				GCC_WARN_UNUSED_FUNCTION = YES;
				GCC_WARN_UNUSED_VARIABLE = YES;
				MACOSX_DEPLOYMENT_TARGET = 11.6;
				MTL_ENABLE_DEBUG_INFO = NO;
				MTL_FAST_MATH = YES;
				SDKROOT = macosx;
			};
			name = Release;
		};
		68099FFE273D1E480032D78D /* Debug */ = {
			isa = XCBuildConfiguration;
			buildSettings = {
				CLANG_CXX_LANGUAGE_STANDARD = "c++20";
				CLANG_CXX_LIBRARY = "compiler-default";
				CODE_SIGN_STYLE = Automatic;
				DEVELOPMENT_TEAM = Z8327FKAVC;
				ENABLE_HARDENED_RUNTIME = YES;
				GCC_C_LANGUAGE_STANDARD = "compiler-default";
				HEADER_SEARCH_PATHS = "${BOOST_INCLUDE}";
				LIBRARY_SEARCH_PATHS = (
					"$(inherited)",
					/usr/local/Cellar/boost/1.76.0/lib,
				);
				MACOSX_DEPLOYMENT_TARGET = 11.3;
				PRODUCT_NAME = "$(TARGET_NAME)";
			};
			name = Debug;
		};
		68099FFF273D1E480032D78D /* Release */ = {
			isa = XCBuildConfiguration;
			buildSettings = {
				CLANG_CXX_LANGUAGE_STANDARD = "c++20";
				CLANG_CXX_LIBRARY = "compiler-default";
				CODE_SIGN_STYLE = Automatic;
				DEVELOPMENT_TEAM = Z8327FKAVC;
				ENABLE_HARDENED_RUNTIME = YES;
				GCC_C_LANGUAGE_STANDARD = "compiler-default";
				HEADER_SEARCH_PATHS = "${BOOST_INCLUDE}";
				LIBRARY_SEARCH_PATHS = (
					"$(inherited)",
					/usr/local/Cellar/boost/1.76.0/lib,
				);
				MACOSX_DEPLOYMENT_TARGET = 11.3;
				PRODUCT_NAME = "$(TARGET_NAME)";
			};
			name = Release;
		};
/* End XCBuildConfiguration section */

/* Begin XCConfigurationList section */
		68099FF1273D1E480032D78D /* Build configuration list for PBXProject "meta" */ = {
			isa = XCConfigurationList;
			buildConfigurations = (
				68099FFB273D1E480032D78D /* Debug */,
				68099FFC273D1E480032D78D /* Release */,
			);
			defaultConfigurationIsVisible = 0;
			defaultConfigurationName = Release;
		};
		68099FFD273D1E480032D78D /* Build configuration list for PBXNativeTarget "meta" */ = {
			isa = XCConfigurationList;
			buildConfigurations = (
				68099FFE273D1E480032D78D /* Debug */,
				68099FFF273D1E480032D78D /* Release */,
			);
			defaultConfigurationIsVisible = 0;
			defaultConfigurationName = Release;
		};
/* End XCConfigurationList section */
	};
	rootObject = 68099FEE273D1E480032D78D /* Project object */;
}
